
Microsoft Visual Studio Solution File, Format Version 12.00
# Visual Studio Version 16
VisualStudioVersion = 16.0.31205.134
MinimumVisualStudioVersion = 10.0.40219.1
Project("{9A19103F-16F7-4668-BE54-9A1E7A4F7556}") = "2Pd-Sotkevicius-v1", "2Pd-Sotkevicius-v1\2Pd-Sotkevicius-v1.csproj", "{59679C3B-1F1A-485D-B593-35D37A2FB7AF}"
EndProject
Project("{2150E333-8FDC-42A3-9474-1A3956D46DE8}") = "Solution Items", "Solution Items", "{EE6AC9E0-A0E1-4F74-8BE2-FEFE241AA240}"
	ProjectSection(SolutionItems) = preProject
		.editorconfig = .editorconfig
	EndProjectSection
EndProject
Global
	GlobalSection(SolutionConfigurationPlatforms) = preSolution
		Debug|Any CPU = Debug|Any CPU
		Release|Any CPU = Release|Any CPU
	EndGlobalSection
	GlobalSection(ProjectConfigurationPlatforms) = postSolution
		{59679C3B-1F1A-485D-B593-35D37A2FB7AF}.Debug|Any CPU.ActiveCfg = Debug|Any CPU
		{59679C3B-1F1A-485D-B593-35D37A2FB7AF}.Debug|Any CPU.Build.0 = Debug|Any CPU
		{59679C3B-1F1A-485D-B593-35D37A2FB7AF}.Release|Any CPU.ActiveCfg = Release|Any CPU
		{59679C3B-1F1A-485D-B593-35D37A2FB7AF}.Release|Any CPU.Build.0 = Release|Any CPU
	EndGlobalSection
	GlobalSection(SolutionProperties) = preSolution
		HideSolutionNode = FALSE
	EndGlobalSection
	GlobalSection(ExtensibilityGlobals) = postSolution
		SolutionGuid = {B00C999B-4222-4D21-82C9-AEB94F212519}
	EndGlobalSection
EndGlobal
