
Microsoft Visual Studio Solution File, Format Version 12.00
# Visual Studio Version 16
VisualStudioVersion = 16.0.31205.134
MinimumVisualStudioVersion = 10.0.40219.1
Project("{FAE04EC0-301F-11D3-BF4B-00C04F79EFBC}") = "1Pd-Sotkevicius-v1", "1Pd-Sotkevicius-v1\1Pd-Sotkevicius-v1.csproj", "{D1FC31B0-DFCF-43C6-9476-BBC7576C295E}"
EndProject
Global
	GlobalSection(SolutionConfigurationPlatforms) = preSolution
		Debug|Any CPU = Debug|Any CPU
		Release|Any CPU = Release|Any CPU
	EndGlobalSection
	GlobalSection(ProjectConfigurationPlatforms) = postSolution
		{D1FC31B0-DFCF-43C6-9476-BBC7576C295E}.Debug|Any CPU.ActiveCfg = Debug|Any CPU
		{D1FC31B0-DFCF-43C6-9476-BBC7576C295E}.Debug|Any CPU.Build.0 = Debug|Any CPU
		{D1FC31B0-DFCF-43C6-9476-BBC7576C295E}.Release|Any CPU.ActiveCfg = Release|Any CPU
		{D1FC31B0-DFCF-43C6-9476-BBC7576C295E}.Release|Any CPU.Build.0 = Release|Any CPU
	EndGlobalSection
	GlobalSection(SolutionProperties) = preSolution
		HideSolutionNode = FALSE
	EndGlobalSection
	GlobalSection(ExtensibilityGlobals) = postSolution
		SolutionGuid = {49872213-D8F9-42D6-845F-B90142ECBFEF}
	EndGlobalSection
EndGlobal
